{
  "version": 4,
  "terraform_version": "1.15.2",
  "serial": 28,
  "lineage": "c05cee5d-fb20-84b6-b5e2-790360c7d902",
  "outputs": {
    "api_url": {
      "value": "https://vp9fq0epm1.execute-api.ap-south-1.amazonaws.com",
      "type": "string"
    }
  },
  "resources": [
    {
      "module": "module.app.module.api_gateway",
      "mode": "managed",
      "type": "aws_apigatewayv2_api",
      "name": "api",
      "provider": "provider[\"registry.terraform.io/hashicorp/aws\"]",
      "instances": [
        {
          "schema_version": 0,
          "attributes": {
            "api_endpoint": "https://vp9fq0epm1.execute-api.ap-south-1.amazonaws.com",
            "api_key_selection_expression": "$request.header.x-api-key",
            "arn": "arn:aws:apigateway:ap-south-1::/apis/vp9fq0epm1",
            "body": null,
            "cors_configuration": [],
            "credentials_arn": null,
            "description": "",
            "disable_execute_api_endpoint": false,
            "execution_arn": "arn:aws:execute-api:ap-south-1:135808925550:vp9fq0epm1",
            "fail_on_warnings": null,
            "id": "vp9fq0epm1",
            "ip_address_type": "ipv4",
            "name": "api-staging",
            "protocol_type": "HTTP",
            "region": "ap-south-1",
            "route_key": null,
            "route_selection_expression": "$request.method $request.path",
            "tags": {},
            "tags_all": {},
            "target": null,
            "version": ""
          },
          "sensitive_attributes": [],
          "identity_schema_version": 0,
          "identity": {
            "account_id": "135808925550",
            "id": "vp9fq0epm1",
            "region": "ap-south-1"
          },
          "private": "bnVsbA=="
        }
      ]
    },
    {
      "module": "module.app.module.api_gateway",
      "mode": "managed",
      "type": "aws_apigatewayv2_integration",
      "name": "lambda",
      "provider": "provider[\"registry.terraform.io/hashicorp/aws\"]",
      "instances": [
        {
          "schema_version": 0,
          "attributes": {
            "api_id": "vp9fq0epm1",
            "connection_id": "",
            "connection_type": "INTERNET",
            "content_handling_strategy": "",
            "credentials_arn": "",
            "description": "",
            "id": "yggwrzq",
            "integration_method": "POST",
            "integration_response_selection_expression": "",
            "integration_subtype": "",
            "integration_type": "AWS_PROXY",
            "integration_uri": "arn:aws:lambda:ap-south-1:135808925550:function:api-staging",
            "passthrough_behavior": "",
            "payload_format_version": "1.0",
            "region": "ap-south-1",
            "request_parameters": {},
            "request_templates": {},
            "response_parameters": [],
            "template_selection_expression": "",
            "timeout_milliseconds": 30000,
            "tls_config": []
          },
          "sensitive_attributes": [],
          "identity_schema_version": 0,
          "private": "bnVsbA==",
          "dependencies": [
            "module.app.module.api_gateway.aws_apigatewayv2_api.api",
            "module.app.module.dynamodb.aws_dynamodb_table.events",
            "module.app.module.lambda.aws_cloudwatch_log_group.lambda_logs",
            "module.app.module.lambda.aws_iam_role.lambda_role",
            "module.app.module.lambda.aws_lambda_function.api",
            "module.app.module.lambda.data.archive_file.lambda_zip"
          ]
        }
      ]
    },
    {
      "module": "module.app.module.api_gateway",
      "mode": "managed",
      "type": "aws_apigatewayv2_route",
      "name": "health",
      "provider": "provider[\"registry.terraform.io/hashicorp/aws\"]",
      "instances": [
        {
          "schema_version": 0,
          "attributes": {
            "api_id": "vp9fq0epm1",
            "api_key_required": false,
            "authorization_scopes": [],
            "authorization_type": "NONE",
            "authorizer_id": "",
            "id": "80tmsqj",
            "model_selection_expression": "",
            "operation_name": "",
            "region": "ap-south-1",
            "request_models": {},
            "request_parameter": [],
            "route_key": "GET /health",
            "route_response_selection_expression": "",
            "target": "integrations/yggwrzq"
          },
          "sensitive_attributes": [],
          "identity_schema_version": 0,
          "identity": {
            "account_id": "135808925550",
            "api_id": "vp9fq0epm1",
            "id": "80tmsqj",
            "region": "ap-south-1"
          },
          "private": "bnVsbA==",
          "dependencies": [
            "module.app.module.api_gateway.aws_apigatewayv2_api.api",
            "module.app.module.api_gateway.aws_apigatewayv2_integration.lambda",
            "module.app.module.dynamodb.aws_dynamodb_table.events",
            "module.app.module.lambda.aws_cloudwatch_log_group.lambda_logs",
            "module.app.module.lambda.aws_iam_role.lambda_role",
            "module.app.module.lambda.aws_lambda_function.api",
            "module.app.module.lambda.data.archive_file.lambda_zip"
          ]
        }
      ]
    },
    {
      "module": "module.app.module.api_gateway",
      "mode": "managed",
      "type": "aws_apigatewayv2_stage",
      "name": "default",
      "provider": "provider[\"registry.terraform.io/hashicorp/aws\"]",
      "instances": [
        {
          "schema_version": 0,
          "attributes": {
            "access_log_settings": [],
            "api_id": "vp9fq0epm1",
            "arn": "arn:aws:apigateway:ap-south-1::/apis/vp9fq0epm1/stages/$default",
            "auto_deploy": true,
            "client_certificate_id": "",
            "default_route_settings": [
              {
                "data_trace_enabled": false,
                "detailed_metrics_enabled": false,
                "logging_level": "",
                "throttling_burst_limit": 0,
                "throttling_rate_limit": 0
              }
            ],
            "deployment_id": "c5blsm",
            "description": "",
            "execution_arn": "arn:aws:execute-api:ap-south-1:135808925550:vp9fq0epm1/$default",
            "id": "$default",
            "invoke_url": "https://vp9fq0epm1.execute-api.ap-south-1.amazonaws.com/",
            "name": "$default",
            "region": "ap-south-1",
            "route_settings": [],
            "stage_variables": {},
            "tags": {},
            "tags_all": {}
          },
          "sensitive_attributes": [],
          "identity_schema_version": 0,
          "private": "bnVsbA==",
          "dependencies": [
            "module.app.module.api_gateway.aws_apigatewayv2_api.api"
          ]
        }
      ]
    },
    {
      "module": "module.app.module.api_gateway",
      "mode": "managed",
      "type": "aws_lambda_permission",
      "name": "allow_apigw",
      "provider": "provider[\"registry.terraform.io/hashicorp/aws\"]",
      "instances": [
        {
          "schema_version": 0,
          "attributes": {
            "action": "lambda:InvokeFunction",
            "event_source_token": null,
            "function_name": "arn:aws:lambda:ap-south-1:135808925550:function:api-staging",
            "function_url_auth_type": null,
            "id": "AllowExecutionFromAPIGateway",
            "invoked_via_function_url": null,
            "principal": "apigateway.amazonaws.com",
            "principal_org_id": null,
            "qualifier": "",
            "region": "ap-south-1",
            "source_account": null,
            "source_arn": null,
            "statement_id": "AllowExecutionFromAPIGateway",
            "statement_id_prefix": ""
          },
          "sensitive_attributes": [],
          "identity_schema_version": 0,
          "identity": {
            "account_id": "135808925550",
            "function_name": "arn:aws:lambda:ap-south-1:135808925550:function:api-staging",
            "qualifier": null,
            "region": "ap-south-1",
            "statement_id": "AllowExecutionFromAPIGateway"
          },
          "private": "bnVsbA==",
          "dependencies": [
            "module.app.module.dynamodb.aws_dynamodb_table.events",
            "module.app.module.lambda.aws_cloudwatch_log_group.lambda_logs",
            "module.app.module.lambda.aws_iam_role.lambda_role",
            "module.app.module.lambda.aws_lambda_function.api",
            "module.app.module.lambda.data.archive_file.lambda_zip"
          ]
        }
      ]
    },
    {
      "module": "module.app.module.dynamodb",
      "mode": "managed",
      "type": "aws_dynamodb_table",
      "name": "events",
      "provider": "provider[\"registry.terraform.io/hashicorp/aws\"]",
      "instances": [
        {
          "schema_version": 1,
          "attributes": {
            "arn": "arn:aws:dynamodb:ap-south-1:135808925550:table/events-staging",
            "attribute": [
              {
                "name": "id",
                "type": "S"
              }
            ],
            "billing_mode": "PAY_PER_REQUEST",
            "deletion_protection_enabled": false,
            "global_secondary_index": [],
            "global_table_witness": [],
            "hash_key": "id",
            "id": "events-staging",
            "import_table": [],
            "local_secondary_index": [],
            "name": "events-staging",
            "on_demand_throughput": [],
            "point_in_time_recovery": [
              {
                "enabled": false,
                "recovery_period_in_days": 0
              }
            ],
            "range_key": null,
            "read_capacity": 0,
            "region": "ap-south-1",
            "replica": [],
            "restore_backup_arn": null,
            "restore_date_time": null,
            "restore_source_name": null,
            "restore_source_table_arn": null,
            "restore_to_latest_time": null,
            "server_side_encryption": [],
            "stream_arn": "",
            "stream_enabled": false,
            "stream_label": "",
            "stream_view_type": "",
            "table_class": "STANDARD",
            "tags": {
              "Environment": "staging",
              "Project": "serverless-api"
            },
            "tags_all": {
              "Environment": "staging",
              "Project": "serverless-api"
            },
            "timeouts": null,
            "ttl": [
              {
                "attribute_name": "",
                "enabled": false
              }
            ],
            "warm_throughput": [],
            "write_capacity": 0
          },
          "sensitive_attributes": [],
          "identity_schema_version": 0,
          "identity": {
            "account_id": "135808925550",
            "name": "events-staging",
            "region": "ap-south-1"
          },
          "private": "eyJlMmJmYjczMC1lY2FhLTExZTYtOGY4OC0zNDM2M2JjN2M0YzAiOnsiY3JlYXRlIjoxODAwMDAwMDAwMDAwLCJkZWxldGUiOjYwMDAwMDAwMDAwMCwidXBkYXRlIjozNjAwMDAwMDAwMDAwfSwic2NoZW1hX3ZlcnNpb24iOiIxIn0="
        }
      ]
    },
    {
      "module": "module.app.module.lambda",
      "mode": "data",
      "type": "archive_file",
      "name": "lambda_zip",
      "provider": "provider[\"registry.terraform.io/hashicorp/archive\"]",
      "instances": [
        {
          "schema_version": 0,
          "attributes": {
            "exclude_symlink_directories": null,
            "excludes": null,
            "id": "34095d1ec317dafb82f752c34533c128d5d9ed59",
            "output_base64sha256": "zukiMPPlRVesK9covvIaGn0uerLVo2qEV8A2rsB7JFI=",
            "output_base64sha512": "CUPpqGSSnb3TvgPApjVpDgwmUSU77ZTE4Pf2suqtJOXq1rA0pjBuur3f39R1uUH7rDPoq2jtB9I6noWii803PA==",
            "output_file_mode": null,
            "output_md5": "0732998aae11ad8b958766f6ba4a2818",
            "output_path": "../../modules/lambda/lambda.zip",
            "output_sha": "34095d1ec317dafb82f752c34533c128d5d9ed59",
            "output_sha256": "cee92230f3e54557ac2bd728bef21a1a7d2e7ab2d5a36a8457c036aec07b2452",
            "output_sha512": "0943e9a864929dbdd3be03c0a635690e0c2651253bed94c4e0f7f6b2eaad24e5ead6b034a6306ebabddfdfd475b941fbac33e8ab68ed07d23a9e85a28bcd373c",
            "output_size": 407,
            "source": [],
            "source_content": null,
            "source_content_filename": null,
            "source_dir": null,
            "source_file": "../../modules/lambda/../../../app/handler.js",
            "type": "zip"
          },
          "sensitive_attributes": [],
          "identity_schema_version": 0
        }
      ]
    },
    {
      "module": "module.app.module.lambda",
      "mode": "managed",
      "type": "aws_cloudwatch_log_group",
      "name": "lambda_logs",
      "provider": "provider[\"registry.terraform.io/hashicorp/aws\"]",
      "instances": [
        {
          "schema_version": 0,
          "attributes": {
            "arn": "arn:aws:logs:ap-south-1:135808925550:log-group:/aws/lambda/api-staging",
            "deletion_protection_enabled": false,
            "id": "/aws/lambda/api-staging",
            "kms_key_id": "",
            "log_group_class": "STANDARD",
            "name": "/aws/lambda/api-staging",
            "name_prefix": "",
            "region": "ap-south-1",
            "retention_in_days": 14,
            "skip_destroy": false,
            "tags": {
              "Environment": "staging",
              "Project": "serverless-api"
            },
            "tags_all": {
              "Environment": "staging",
              "Project": "serverless-api"
            }
          },
          "sensitive_attributes": [],
          "identity_schema_version": 0,
          "identity": {
            "account_id": "135808925550",
            "name": "/aws/lambda/api-staging",
            "region": "ap-south-1"
          },
          "private": "bnVsbA=="
        }
      ]
    },
    {
      "module": "module.app.module.lambda",
      "mode": "managed",
      "type": "aws_cloudwatch_metric_alarm",
      "name": "lambda_duration",
      "provider": "provider[\"registry.terraform.io/hashicorp/aws\"]",
      "instances": [
        {
          "schema_version": 1,
          "attributes": {
            "actions_enabled": true,
            "alarm_actions": [],
            "alarm_description": "Alarm when Lambda duration is too high",
            "alarm_name": "lambda-duration-staging",
            "arn": "arn:aws:cloudwatch:ap-south-1:135808925550:alarm:lambda-duration-staging",
            "comparison_operator": "GreaterThanThreshold",
            "datapoints_to_alarm": 0,
            "dimensions": {
              "FunctionName": "api-staging"
            },
            "evaluate_low_sample_count_percentiles": "",
            "evaluation_criteria": [],
            "evaluation_interval": 0,
            "evaluation_periods": 1,
            "extended_statistic": "",
            "id": "lambda-duration-staging",
            "insufficient_data_actions": [],
            "metric_name": "Duration",
            "metric_query": [],
            "namespace": "AWS/Lambda",
            "ok_actions": [],
            "period": 60,
            "region": "ap-south-1",
            "statistic": "Average",
            "tags": {
              "Environment": "staging"
            },
            "tags_all": {
              "Environment": "staging"
            },
            "threshold": 3000,
            "threshold_metric_id": "",
            "treat_missing_data": "missing",
            "unit": ""
          },
          "sensitive_attributes": [],
          "identity_schema_version": 0,
          "identity": {
            "account_id": "135808925550",
            "alarm_name": "lambda-duration-staging",
            "region": "ap-south-1"
          },
          "private": "eyJzY2hlbWFfdmVyc2lvbiI6IjEifQ==",
          "dependencies": [
            "module.app.module.dynamodb.aws_dynamodb_table.events",
            "module.app.module.lambda.aws_cloudwatch_log_group.lambda_logs",
            "module.app.module.lambda.aws_iam_role.lambda_role",
            "module.app.module.lambda.aws_lambda_function.api",
            "module.app.module.lambda.data.archive_file.lambda_zip"
          ]
        }
      ]
    },
    {
      "module": "module.app.module.lambda",
      "mode": "managed",
      "type": "aws_cloudwatch_metric_alarm",
      "name": "lambda_errors",
      "provider": "provider[\"registry.terraform.io/hashicorp/aws\"]",
      "instances": [
        {
          "schema_version": 1,
          "attributes": {
            "actions_enabled": true,
            "alarm_actions": [],
            "alarm_description": "Alarm when Lambda has errors",
            "alarm_name": "lambda-errors-staging",
            "arn": "arn:aws:cloudwatch:ap-south-1:135808925550:alarm:lambda-errors-staging",
            "comparison_operator": "GreaterThanThreshold",
            "datapoints_to_alarm": 0,
            "dimensions": {
              "FunctionName": "api-staging"
            },
            "evaluate_low_sample_count_percentiles": "",
            "evaluation_criteria": [],
            "evaluation_interval": 0,
            "evaluation_periods": 1,
            "extended_statistic": "",
            "id": "lambda-errors-staging",
            "insufficient_data_actions": [],
            "metric_name": "Errors",
            "metric_query": [],
            "namespace": "AWS/Lambda",
            "ok_actions": [],
            "period": 60,
            "region": "ap-south-1",
            "statistic": "Sum",
            "tags": {
              "Environment": "staging"
            },
            "tags_all": {
              "Environment": "staging"
            },
            "threshold": 1,
            "threshold_metric_id": "",
            "treat_missing_data": "missing",
            "unit": ""
          },
          "sensitive_attributes": [],
          "identity_schema_version": 0,
          "identity": {
            "account_id": "135808925550",
            "alarm_name": "lambda-errors-staging",
            "region": "ap-south-1"
          },
          "private": "eyJzY2hlbWFfdmVyc2lvbiI6IjEifQ==",
          "dependencies": [
            "module.app.module.dynamodb.aws_dynamodb_table.events",
            "module.app.module.lambda.aws_cloudwatch_log_group.lambda_logs",
            "module.app.module.lambda.aws_iam_role.lambda_role",
            "module.app.module.lambda.aws_lambda_function.api",
            "module.app.module.lambda.data.archive_file.lambda_zip"
          ]
        }
      ]
    },
    {
      "module": "module.app.module.lambda",
      "mode": "managed",
      "type": "aws_iam_policy",
      "name": "lambda_policy",
      "provider": "provider[\"registry.terraform.io/hashicorp/aws\"]",
      "instances": [
        {
          "schema_version": 0,
          "attributes": {
            "arn": "arn:aws:iam::135808925550:policy/lambda-policy-staging",
            "attachment_count": 1,
            "delay_after_policy_creation_in_ms": null,
            "description": "",
            "id": "arn:aws:iam::135808925550:policy/lambda-policy-staging",
            "name": "lambda-policy-staging",
            "name_prefix": "",
            "path": "/",
            "policy": "{\"Statement\":[{\"Action\":[\"logs:CreateLogGroup\",\"logs:CreateLogStream\",\"logs:PutLogEvents\"],\"Effect\":\"Allow\",\"Resource\":\"*\"},{\"Action\":[\"dynamodb:PutItem\",\"dynamodb:GetItem\"],\"Effect\":\"Allow\",\"Resource\":\"*\"}],\"Version\":\"2012-10-17\"}",
            "policy_id": "ANPAR7HWXX5XLHDL46DGT",
            "tags": {},
            "tags_all": {}
          },
          "sensitive_attributes": [],
          "identity_schema_version": 0,
          "identity": {
            "arn": "arn:aws:iam::135808925550:policy/lambda-policy-staging"
          },
          "private": "bnVsbA=="
        }
      ]
    },
    {
      "module": "module.app.module.lambda",
      "mode": "managed",
      "type": "aws_iam_role",
      "name": "lambda_role",
      "provider": "provider[\"registry.terraform.io/hashicorp/aws\"]",
      "instances": [
        {
          "schema_version": 0,
          "attributes": {
            "arn": "arn:aws:iam::135808925550:role/lambda-role-staging",
            "assume_role_policy": "{\"Statement\":[{\"Action\":\"sts:AssumeRole\",\"Effect\":\"Allow\",\"Principal\":{\"Service\":\"lambda.amazonaws.com\"}}],\"Version\":\"2012-10-17\"}",
            "create_date": "2026-05-06T21:30:13Z",
            "description": "",
            "force_detach_policies": false,
            "id": "lambda-role-staging",
            "inline_policy": [],
            "managed_policy_arns": [
              "arn:aws:iam::135808925550:policy/lambda-policy-staging"
            ],
            "max_session_duration": 3600,
            "name": "lambda-role-staging",
            "name_prefix": "",
            "path": "/",
            "permissions_boundary": "",
            "tags": {},
            "tags_all": {},
            "unique_id": "AROAR7HWXX5XIBAIHVGNH"
          },
          "sensitive_attributes": [],
          "identity_schema_version": 0,
          "identity": {
            "account_id": "135808925550",
            "name": "lambda-role-staging"
          },
          "private": "bnVsbA=="
        }
      ]
    },
    {
      "module": "module.app.module.lambda",
      "mode": "managed",
      "type": "aws_iam_role_policy_attachment",
      "name": "attach",
      "provider": "provider[\"registry.terraform.io/hashicorp/aws\"]",
      "instances": [
        {
          "schema_version": 0,
          "attributes": {
            "id": "lambda-role-staging/arn:aws:iam::135808925550:policy/lambda-policy-staging",
            "policy_arn": "arn:aws:iam::135808925550:policy/lambda-policy-staging",
            "role": "lambda-role-staging"
          },
          "sensitive_attributes": [],
          "identity_schema_version": 0,
          "identity": {
            "account_id": "135808925550",
            "policy_arn": "arn:aws:iam::135808925550:policy/lambda-policy-staging",
            "role": "lambda-role-staging"
          },
          "private": "bnVsbA==",
          "dependencies": [
            "module.app.module.lambda.aws_iam_policy.lambda_policy",
            "module.app.module.lambda.aws_iam_role.lambda_role"
          ]
        }
      ]
    },
    {
      "module": "module.app.module.lambda",
      "mode": "managed",
      "type": "aws_lambda_function",
      "name": "api",
      "provider": "provider[\"registry.terraform.io/hashicorp/aws\"]",
      "instances": [
        {
          "schema_version": 0,
          "attributes": {
            "architectures": [
              "x86_64"
            ],
            "arn": "arn:aws:lambda:ap-south-1:135808925550:function:api-staging",
            "capacity_provider_config": [],
            "code_sha256": "zukiMPPlRVesK9covvIaGn0uerLVo2qEV8A2rsB7JFI=",
            "code_signing_config_arn": "",
            "dead_letter_config": [],
            "description": "",
            "durable_config": [],
            "environment": [
              {
                "variables": {
                  "DYNAMODB_TABLE_NAME": "events-staging",
                  "ENV": "staging"
                }
              }
            ],
            "ephemeral_storage": [
              {
                "size": 512
              }
            ],
            "file_system_config": [],
            "filename": "../../modules/lambda/lambda.zip",
            "function_name": "api-staging",
            "handler": "handler.handler",
            "id": "api-staging",
            "image_config": [],
            "image_uri": "",
            "invoke_arn": "arn:aws:apigateway:ap-south-1:lambda:path/2015-03-31/functions/arn:aws:lambda:ap-south-1:135808925550:function:api-staging/invocations",
            "kms_key_arn": "",
            "last_modified": "2026-05-07T07:09:32.000+0000",
            "layers": [],
            "logging_config": [
              {
                "application_log_level": "",
                "log_format": "Text",
                "log_group": "/aws/lambda/api-staging",
                "system_log_level": ""
              }
            ],
            "memory_size": 128,
            "package_type": "Zip",
            "publish": false,
            "publish_to": null,
            "qualified_arn": "arn:aws:lambda:ap-south-1:135808925550:function:api-staging:$LATEST",
            "qualified_invoke_arn": "arn:aws:apigateway:ap-south-1:lambda:path/2015-03-31/functions/arn:aws:lambda:ap-south-1:135808925550:function:api-staging:$LATEST/invocations",
            "region": "ap-south-1",
            "replace_security_groups_on_destroy": null,
            "replacement_security_group_ids": null,
            "reserved_concurrent_executions": -1,
            "response_streaming_invoke_arn": "arn:aws:apigateway:ap-south-1:lambda:path/2021-11-15/functions/arn:aws:lambda:ap-south-1:135808925550:function:api-staging/response-streaming-invocations",
            "role": "arn:aws:iam::135808925550:role/lambda-role-staging",
            "runtime": "nodejs18.x",
            "s3_bucket": null,
            "s3_key": null,
            "s3_object_version": null,
            "signing_job_arn": "",
            "signing_profile_version_arn": "",
            "skip_destroy": false,
            "snap_start": [],
            "source_code_hash": "zukiMPPlRVesK9covvIaGn0uerLVo2qEV8A2rsB7JFI=",
            "source_code_size": 407,
            "source_kms_key_arn": "",
            "tags": {},
            "tags_all": {},
            "tenancy_config": [],
            "timeout": 3,
            "timeouts": null,
            "tracing_config": [
              {
                "mode": "Active"
              }
            ],
            "version": "$LATEST",
            "vpc_config": []
          },
          "sensitive_attributes": [],
          "identity_schema_version": 0,
          "identity": {
            "account_id": "135808925550",
            "function_name": "api-staging",
            "region": "ap-south-1"
          },
          "private": "eyJlMmJmYjczMC1lY2FhLTExZTYtOGY4OC0zNDM2M2JjN2M0YzAiOnsiY3JlYXRlIjo2MDAwMDAwMDAwMDAsImRlbGV0ZSI6NjAwMDAwMDAwMDAwLCJ1cGRhdGUiOjYwMDAwMDAwMDAwMH19",
          "dependencies": [
            "module.app.module.dynamodb.aws_dynamodb_table.events",
            "module.app.module.lambda.aws_cloudwatch_log_group.lambda_logs",
            "module.app.module.lambda.aws_iam_role.lambda_role",
            "module.app.module.lambda.data.archive_file.lambda_zip"
          ]
        }
      ]
    }
  ],
  "check_results": null
}
